
Microsoft Visual Studio Solution File, Format Version 12.00
# Visual Studio Version 16
VisualStudioVersion = 16.0.810.19
MinimumVisualStudioVersion = 10.0.40219.1
Project("{FAE04EC0-301F-11D3-BF4B-00C04F79EFBC}") = "GameLibrary", "GameLibrary\GameLibrary.csproj", "{922B0D5A-AA9F-4F4E-8883-882D4760D078}"
EndProject
Global
	GlobalSection(SolutionConfigurationPlatforms) = preSolution
		Debug|Any CPU = Debug|Any CPU
		Release|Any CPU = Release|Any CPU
	EndGlobalSection
	GlobalSection(ProjectConfigurationPlatforms) = postSolution
		{922B0D5A-AA9F-4F4E-8883-882D4760D078}.Debug|Any CPU.ActiveCfg = Debug|Any CPU
		{922B0D5A-AA9F-4F4E-8883-882D4760D078}.Debug|Any CPU.Build.0 = Debug|Any CPU
		{922B0D5A-AA9F-4F4E-8883-882D4760D078}.Release|Any CPU.ActiveCfg = Release|Any CPU
		{922B0D5A-AA9F-4F4E-8883-882D4760D078}.Release|Any CPU.Build.0 = Release|Any CPU
	EndGlobalSection
	GlobalSection(SolutionProperties) = preSolution
		HideSolutionNode = FALSE
	EndGlobalSection
	GlobalSection(ExtensibilityGlobals) = postSolution
		SolutionGuid = {63524BA6-3C5B-4D05-A31E-09103EE38D89}
	EndGlobalSection
EndGlobal
